
Microsoft Visual Studio Solution File, Format Version 12.00
# Visual Studio Version 16
VisualStudioVersion = 16.0.30523.141
MinimumVisualStudioVersion = 10.0.40219.1
Project("{FAE04EC0-301F-11D3-BF4B-00C04F79EFBC}") = "14102020", "14102020\14102020.csproj", "{03C64C75-1ABD-4E4D-A05A-8AFCC6246894}"
EndProject
Global
	GlobalSection(SolutionConfigurationPlatforms) = preSolution
		Debug|Any CPU = Debug|Any CPU
		Release|Any CPU = Release|Any CPU
	EndGlobalSection
	GlobalSection(ProjectConfigurationPlatforms) = postSolution
		{03C64C75-1ABD-4E4D-A05A-8AFCC6246894}.Debug|Any CPU.ActiveCfg = Debug|Any CPU
		{03C64C75-1ABD-4E4D-A05A-8AFCC6246894}.Debug|Any CPU.Build.0 = Debug|Any CPU
		{03C64C75-1ABD-4E4D-A05A-8AFCC6246894}.Release|Any CPU.ActiveCfg = Release|Any CPU
		{03C64C75-1ABD-4E4D-A05A-8AFCC6246894}.Release|Any CPU.Build.0 = Release|Any CPU
	EndGlobalSection
	GlobalSection(SolutionProperties) = preSolution
		HideSolutionNode = FALSE
	EndGlobalSection
	GlobalSection(ExtensibilityGlobals) = postSolution
		SolutionGuid = {DA621BAC-2B04-4235-9BE5-67CDBB7EA4BC}
	EndGlobalSection
EndGlobal
